
Microsoft Visual Studio Solution File, Format Version 12.00
# Visual Studio Version 16
VisualStudioVersion = 16.0.30011.22
MinimumVisualStudioVersion = 10.0.40219.1
Project("{9A19103F-16F7-4668-BE54-9A1E7A4F7556}") = "Kata2", "Kata2\Kata2.csproj", "{06E7D328-1865-44E9-9A85-CF502474E586}"
EndProject
Project("{9A19103F-16F7-4668-BE54-9A1E7A4F7556}") = "Kata3", "Kata3\Kata3.csproj", "{F688B85F-DAA3-42B6-8374-AC492EF324BF}"
EndProject
Project("{9A19103F-16F7-4668-BE54-9A1E7A4F7556}") = "Kata4", "Kata4\Kata4.csproj", "{EFDA8BA0-5FFC-424F-8DC8-ACCEE6A9FC3C}"
EndProject
Project("{9A19103F-16F7-4668-BE54-9A1E7A4F7556}") = "Kata5", "Kata5\Kata5.csproj", "{13A2804B-D9DB-4D7B-9670-FAB64F14C001}"
EndProject
Project("{9A19103F-16F7-4668-BE54-9A1E7A4F7556}") = "Kata6", "Kata6\Kata6.csproj", "{F931A840-2309-4EAF-810C-D379303CCB1D}"
EndProject
Project("{9A19103F-16F7-4668-BE54-9A1E7A4F7556}") = "Kata7", "Kata7\Kata7.csproj", "{A4CDA31E-7F91-445E-A43E-0579872944FD}"
EndProject
Project("{9A19103F-16F7-4668-BE54-9A1E7A4F7556}") = "Kata8", "Kata8\Kata8.csproj", "{42A72D1C-9185-4DF9-B534-6C819D56EA9A}"
EndProject
Project("{9A19103F-16F7-4668-BE54-9A1E7A4F7556}") = "Kata9", "Kata9\Kata9.csproj", "{4776A4D9-F620-4391-BD1A-E8641A3F5F2B}"
EndProject
Project("{9A19103F-16F7-4668-BE54-9A1E7A4F7556}") = "Kata1", "Kata1\Kata1.csproj", "{CD8AE2F7-72A7-4410-98BD-B87B4E5BDCDB}"
EndProject
Project("{9A19103F-16F7-4668-BE54-9A1E7A4F7556}") = "Kata10", "Kata10\Kata10.csproj", "{529FDB06-0BA9-4B2D-A1A0-C6477C93E5A2}"
EndProject
Project("{9A19103F-16F7-4668-BE54-9A1E7A4F7556}") = "Kata11", "Kata11\Kata11.csproj", "{5A36C9CD-F700-4292-A5EA-43CDD238C06F}"
EndProject
Project("{9A19103F-16F7-4668-BE54-9A1E7A4F7556}") = "Kata12", "Kata12\Kata12.csproj", "{F8DD4D35-3560-4ED8-B219-B0C5C1AFB4A6}"
EndProject
Project("{9A19103F-16F7-4668-BE54-9A1E7A4F7556}") = "Kata13", "Kata13\Kata13.csproj", "{9A17BA20-E0E5-4FFF-8938-CC2BE42A58BC}"
EndProject
Project("{9A19103F-16F7-4668-BE54-9A1E7A4F7556}") = "Kata14", "Kata14\Kata14.csproj", "{19BE507A-668A-48E6-82CA-0C24D59DBD09}"
EndProject
Project("{9A19103F-16F7-4668-BE54-9A1E7A4F7556}") = "Kata15", "Kata15\Kata15.csproj", "{2410EF54-FAE6-443F-A898-903210741696}"
EndProject
Project("{9A19103F-16F7-4668-BE54-9A1E7A4F7556}") = "Kata16", "Kata16\Kata16.csproj", "{83E74845-99B5-4629-9FD7-1555A3B86308}"
EndProject
Project("{9A19103F-16F7-4668-BE54-9A1E7A4F7556}") = "Kata17", "Kata17\Kata17.csproj", "{455D4E82-7399-4E42-84D4-5012B7DC41A4}"
EndProject
Project("{9A19103F-16F7-4668-BE54-9A1E7A4F7556}") = "Kata18", "Kata18\Kata18.csproj", "{435B9459-97FA-4D84-9F7C-4425AE5E7571}"
EndProject
Project("{9A19103F-16F7-4668-BE54-9A1E7A4F7556}") = "Kata19", "Kata19\Kata19.csproj", "{B1A4FD3B-874F-45DC-BD86-201F65EDB5EF}"
EndProject
Project("{9A19103F-16F7-4668-BE54-9A1E7A4F7556}") = "Kata20", "Kata20\Kata20.csproj", "{CAA49DB0-EAD5-4DFB-835E-0D7F48505472}"
EndProject
Project("{9A19103F-16F7-4668-BE54-9A1E7A4F7556}") = "Kata21", "Kata21\Kata21.csproj", "{9EAE5635-8D3C-4D37-9F8A-5157B856AA3F}"
EndProject
Project("{9A19103F-16F7-4668-BE54-9A1E7A4F7556}") = "Kata22", "Kata22\Kata22.csproj", "{F1B7539B-5E8D-4D08-953A-93D86184F996}"
EndProject
Project("{9A19103F-16F7-4668-BE54-9A1E7A4F7556}") = "Kata23", "Kata23\Kata23.csproj", "{53A48392-9107-465D-8329-91DEC536A557}"
EndProject
Project("{9A19103F-16F7-4668-BE54-9A1E7A4F7556}") = "Kata24", "Kata24\Kata24.csproj", "{5BA25D42-9A1F-492E-ABEF-9842900F7450}"
EndProject
Project("{9A19103F-16F7-4668-BE54-9A1E7A4F7556}") = "Kata25", "Kata25\Kata25.csproj", "{8C48B31C-EA8C-4704-AFD7-B844A2D1F648}"
EndProject
Project("{9A19103F-16F7-4668-BE54-9A1E7A4F7556}") = "Kata26", "Kata26\Kata26.csproj", "{860C7B4C-0A84-4DBA-A176-C7FBDE3953FB}"
EndProject
Project("{9A19103F-16F7-4668-BE54-9A1E7A4F7556}") = "Kata27", "Kata27\Kata27.csproj", "{4965109C-6ECD-4B1A-A9D4-9350A506F434}"
EndProject
Project("{9A19103F-16F7-4668-BE54-9A1E7A4F7556}") = "Kata28", "Kata28\Kata28.csproj", "{0021D9AF-2A6E-44BB-BBC5-905B31B3934D}"
EndProject
Project("{9A19103F-16F7-4668-BE54-9A1E7A4F7556}") = "Kata29", "Kata29\Kata29.csproj", "{4CA855ED-D3E7-41C5-8BBC-7F47E434A15D}"
EndProject
Project("{9A19103F-16F7-4668-BE54-9A1E7A4F7556}") = "Kata30", "Kata30\Kata30.csproj", "{65449372-4A8A-4873-B213-CF3749A0E14A}"
EndProject
Project("{9A19103F-16F7-4668-BE54-9A1E7A4F7556}") = "Kata31", "Kata31\Kata31.csproj", "{45E22FF8-0887-4EB0-A02B-A7C973D408EA}"
EndProject
Project("{9A19103F-16F7-4668-BE54-9A1E7A4F7556}") = "Kata32", "Kata32\Kata32.csproj", "{1874FCBF-513D-4AC7-800F-85A87BB28C9D}"
EndProject
Project("{9A19103F-16F7-4668-BE54-9A1E7A4F7556}") = "Kata33", "Kata33\Kata33.csproj", "{3B51E80B-ED1F-4388-BD47-214C4D5806EC}"
EndProject
Project("{9A19103F-16F7-4668-BE54-9A1E7A4F7556}") = "Kata34", "Kata34\Kata34.csproj", "{C4FE3CFE-2786-4138-8657-43B6C52C7518}"
EndProject
Project("{9A19103F-16F7-4668-BE54-9A1E7A4F7556}") = "Kata35", "Kata35\Kata35.csproj", "{57D261AF-46E8-4A99-941A-FE51FFC47DDF}"
EndProject
Project("{9A19103F-16F7-4668-BE54-9A1E7A4F7556}") = "Kata36", "Kata36\Kata36.csproj", "{F777780C-F2DF-4061-9561-028F057989EC}"
EndProject
Project("{9A19103F-16F7-4668-BE54-9A1E7A4F7556}") = "Kata37", "Kata37\Kata37.csproj", "{7D1A867C-00A6-43A2-A0F9-8D202DA7F8B6}"
EndProject
Project("{9A19103F-16F7-4668-BE54-9A1E7A4F7556}") = "Katas", "Katas\Katas.csproj", "{52304648-A108-460B-A119-BD1E130E2719}"
EndProject
Global
	GlobalSection(SolutionConfigurationPlatforms) = preSolution
		Debug|Any CPU = Debug|Any CPU
		Release|Any CPU = Release|Any CPU
	EndGlobalSection
	GlobalSection(ProjectConfigurationPlatforms) = postSolution
		{06E7D328-1865-44E9-9A85-CF502474E586}.Debug|Any CPU.ActiveCfg = Debug|Any CPU
		{06E7D328-1865-44E9-9A85-CF502474E586}.Debug|Any CPU.Build.0 = Debug|Any CPU
		{06E7D328-1865-44E9-9A85-CF502474E586}.Release|Any CPU.ActiveCfg = Release|Any CPU
		{06E7D328-1865-44E9-9A85-CF502474E586}.Release|Any CPU.Build.0 = Release|Any CPU
		{F688B85F-DAA3-42B6-8374-AC492EF324BF}.Debug|Any CPU.ActiveCfg = Debug|Any CPU
		{F688B85F-DAA3-42B6-8374-AC492EF324BF}.Debug|Any CPU.Build.0 = Debug|Any CPU
		{F688B85F-DAA3-42B6-8374-AC492EF324BF}.Release|Any CPU.ActiveCfg = Release|Any CPU
		{F688B85F-DAA3-42B6-8374-AC492EF324BF}.Release|Any CPU.Build.0 = Release|Any CPU
		{EFDA8BA0-5FFC-424F-8DC8-ACCEE6A9FC3C}.Debug|Any CPU.ActiveCfg = Debug|Any CPU
		{EFDA8BA0-5FFC-424F-8DC8-ACCEE6A9FC3C}.Debug|Any CPU.Build.0 = Debug|Any CPU
		{EFDA8BA0-5FFC-424F-8DC8-ACCEE6A9FC3C}.Release|Any CPU.ActiveCfg = Release|Any CPU
		{EFDA8BA0-5FFC-424F-8DC8-ACCEE6A9FC3C}.Release|Any CPU.Build.0 = Release|Any CPU
		{13A2804B-D9DB-4D7B-9670-FAB64F14C001}.Debug|Any CPU.ActiveCfg = Debug|Any CPU
		{13A2804B-D9DB-4D7B-9670-FAB64F14C001}.Debug|Any CPU.Build.0 = Debug|Any CPU
		{13A2804B-D9DB-4D7B-9670-FAB64F14C001}.Release|Any CPU.ActiveCfg = Release|Any CPU
		{13A2804B-D9DB-4D7B-9670-FAB64F14C001}.Release|Any CPU.Build.0 = Release|Any CPU
		{F931A840-2309-4EAF-810C-D379303CCB1D}.Debug|Any CPU.ActiveCfg = Debug|Any CPU
		{F931A840-2309-4EAF-810C-D379303CCB1D}.Debug|Any CPU.Build.0 = Debug|Any CPU
		{F931A840-2309-4EAF-810C-D379303CCB1D}.Release|Any CPU.ActiveCfg = Release|Any CPU
		{F931A840-2309-4EAF-810C-D379303CCB1D}.Release|Any CPU.Build.0 = Release|Any CPU
		{A4CDA31E-7F91-445E-A43E-0579872944FD}.Debug|Any CPU.ActiveCfg = Debug|Any CPU
		{A4CDA31E-7F91-445E-A43E-0579872944FD}.Debug|Any CPU.Build.0 = Debug|Any CPU
		{A4CDA31E-7F91-445E-A43E-0579872944FD}.Release|Any CPU.ActiveCfg = Release|Any CPU
		{A4CDA31E-7F91-445E-A43E-0579872944FD}.Release|Any CPU.Build.0 = Release|Any CPU
		{42A72D1C-9185-4DF9-B534-6C819D56EA9A}.Debug|Any CPU.ActiveCfg = Debug|Any CPU
		{42A72D1C-9185-4DF9-B534-6C819D56EA9A}.Debug|Any CPU.Build.0 = Debug|Any CPU
		{42A72D1C-9185-4DF9-B534-6C819D56EA9A}.Release|Any CPU.ActiveCfg = Release|Any CPU
		{42A72D1C-9185-4DF9-B534-6C819D56EA9A}.Release|Any CPU.Build.0 = Release|Any CPU
		{4776A4D9-F620-4391-BD1A-E8641A3F5F2B}.Debug|Any CPU.ActiveCfg = Debug|Any CPU
		{4776A4D9-F620-4391-BD1A-E8641A3F5F2B}.Debug|Any CPU.Build.0 = Debug|Any CPU
		{4776A4D9-F620-4391-BD1A-E8641A3F5F2B}.Release|Any CPU.ActiveCfg = Release|Any CPU
		{4776A4D9-F620-4391-BD1A-E8641A3F5F2B}.Release|Any CPU.Build.0 = Release|Any CPU
		{CD8AE2F7-72A7-4410-98BD-B87B4E5BDCDB}.Debug|Any CPU.ActiveCfg = Debug|Any CPU
		{CD8AE2F7-72A7-4410-98BD-B87B4E5BDCDB}.Debug|Any CPU.Build.0 = Debug|Any CPU
		{CD8AE2F7-72A7-4410-98BD-B87B4E5BDCDB}.Release|Any CPU.ActiveCfg = Release|Any CPU
		{CD8AE2F7-72A7-4410-98BD-B87B4E5BDCDB}.Release|Any CPU.Build.0 = Release|Any CPU
		{529FDB06-0BA9-4B2D-A1A0-C6477C93E5A2}.Debug|Any CPU.ActiveCfg = Debug|Any CPU
		{529FDB06-0BA9-4B2D-A1A0-C6477C93E5A2}.Debug|Any CPU.Build.0 = Debug|Any CPU
		{529FDB06-0BA9-4B2D-A1A0-C6477C93E5A2}.Release|Any CPU.ActiveCfg = Release|Any CPU
		{529FDB06-0BA9-4B2D-A1A0-C6477C93E5A2}.Release|Any CPU.Build.0 = Release|Any CPU
		{5A36C9CD-F700-4292-A5EA-43CDD238C06F}.Debug|Any CPU.ActiveCfg = Debug|Any CPU
		{5A36C9CD-F700-4292-A5EA-43CDD238C06F}.Debug|Any CPU.Build.0 = Debug|Any CPU
		{5A36C9CD-F700-4292-A5EA-43CDD238C06F}.Release|Any CPU.ActiveCfg = Release|Any CPU
		{5A36C9CD-F700-4292-A5EA-43CDD238C06F}.Release|Any CPU.Build.0 = Release|Any CPU
		{F8DD4D35-3560-4ED8-B219-B0C5C1AFB4A6}.Debug|Any CPU.ActiveCfg = Debug|Any CPU
		{F8DD4D35-3560-4ED8-B219-B0C5C1AFB4A6}.Debug|Any CPU.Build.0 = Debug|Any CPU
		{F8DD4D35-3560-4ED8-B219-B0C5C1AFB4A6}.Release|Any CPU.ActiveCfg = Release|Any CPU
		{F8DD4D35-3560-4ED8-B219-B0C5C1AFB4A6}.Release|Any CPU.Build.0 = Release|Any CPU
		{9A17BA20-E0E5-4FFF-8938-CC2BE42A58BC}.Debug|Any CPU.ActiveCfg = Debug|Any CPU
		{9A17BA20-E0E5-4FFF-8938-CC2BE42A58BC}.Debug|Any CPU.Build.0 = Debug|Any CPU
		{9A17BA20-E0E5-4FFF-8938-CC2BE42A58BC}.Release|Any CPU.ActiveCfg = Release|Any CPU
		{9A17BA20-E0E5-4FFF-8938-CC2BE42A58BC}.Release|Any CPU.Build.0 = Release|Any CPU
		{19BE507A-668A-48E6-82CA-0C24D59DBD09}.Debug|Any CPU.ActiveCfg = Debug|Any CPU
		{19BE507A-668A-48E6-82CA-0C24D59DBD09}.Debug|Any CPU.Build.0 = Debug|Any CPU
		{19BE507A-668A-48E6-82CA-0C24D59DBD09}.Release|Any CPU.ActiveCfg = Release|Any CPU
		{19BE507A-668A-48E6-82CA-0C24D59DBD09}.Release|Any CPU.Build.0 = Release|Any CPU
		{2410EF54-FAE6-443F-A898-903210741696}.Debug|Any CPU.ActiveCfg = Debug|Any CPU
		{2410EF54-FAE6-443F-A898-903210741696}.Debug|Any CPU.Build.0 = Debug|Any CPU
		{2410EF54-FAE6-443F-A898-903210741696}.Release|Any CPU.ActiveCfg = Release|Any CPU
		{2410EF54-FAE6-443F-A898-903210741696}.Release|Any CPU.Build.0 = Release|Any CPU
		{83E74845-99B5-4629-9FD7-1555A3B86308}.Debug|Any CPU.ActiveCfg = Debug|Any CPU
		{83E74845-99B5-4629-9FD7-1555A3B86308}.Debug|Any CPU.Build.0 = Debug|Any CPU
		{83E74845-99B5-4629-9FD7-1555A3B86308}.Release|Any CPU.ActiveCfg = Release|Any CPU
		{83E74845-99B5-4629-9FD7-1555A3B86308}.Release|Any CPU.Build.0 = Release|Any CPU
		{455D4E82-7399-4E42-84D4-5012B7DC41A4}.Debug|Any CPU.ActiveCfg = Debug|Any CPU
		{455D4E82-7399-4E42-84D4-5012B7DC41A4}.Debug|Any CPU.Build.0 = Debug|Any CPU
		{455D4E82-7399-4E42-84D4-5012B7DC41A4}.Release|Any CPU.ActiveCfg = Release|Any CPU
		{455D4E82-7399-4E42-84D4-5012B7DC41A4}.Release|Any CPU.Build.0 = Release|Any CPU
		{435B9459-97FA-4D84-9F7C-4425AE5E7571}.Debug|Any CPU.ActiveCfg = Debug|Any CPU
		{435B9459-97FA-4D84-9F7C-4425AE5E7571}.Debug|Any CPU.Build.0 = Debug|Any CPU
		{435B9459-97FA-4D84-9F7C-4425AE5E7571}.Release|Any CPU.ActiveCfg = Release|Any CPU
		{435B9459-97FA-4D84-9F7C-4425AE5E7571}.Release|Any CPU.Build.0 = Release|Any CPU
		{B1A4FD3B-874F-45DC-BD86-201F65EDB5EF}.Debug|Any CPU.ActiveCfg = Debug|Any CPU
		{B1A4FD3B-874F-45DC-BD86-201F65EDB5EF}.Debug|Any CPU.Build.0 = Debug|Any CPU
		{B1A4FD3B-874F-45DC-BD86-201F65EDB5EF}.Release|Any CPU.ActiveCfg = Release|Any CPU
		{B1A4FD3B-874F-45DC-BD86-201F65EDB5EF}.Release|Any CPU.Build.0 = Release|Any CPU
		{CAA49DB0-EAD5-4DFB-835E-0D7F48505472}.Debug|Any CPU.ActiveCfg = Debug|Any CPU
		{CAA49DB0-EAD5-4DFB-835E-0D7F48505472}.Debug|Any CPU.Build.0 = Debug|Any CPU
		{CAA49DB0-EAD5-4DFB-835E-0D7F48505472}.Release|Any CPU.ActiveCfg = Release|Any CPU
		{CAA49DB0-EAD5-4DFB-835E-0D7F48505472}.Release|Any CPU.Build.0 = Release|Any CPU
		{9EAE5635-8D3C-4D37-9F8A-5157B856AA3F}.Debug|Any CPU.ActiveCfg = Debug|Any CPU
		{9EAE5635-8D3C-4D37-9F8A-5157B856AA3F}.Debug|Any CPU.Build.0 = Debug|Any CPU
		{9EAE5635-8D3C-4D37-9F8A-5157B856AA3F}.Release|Any CPU.ActiveCfg = Release|Any CPU
		{9EAE5635-8D3C-4D37-9F8A-5157B856AA3F}.Release|Any CPU.Build.0 = Release|Any CPU
		{F1B7539B-5E8D-4D08-953A-93D86184F996}.Debug|Any CPU.ActiveCfg = Debug|Any CPU
		{F1B7539B-5E8D-4D08-953A-93D86184F996}.Debug|Any CPU.Build.0 = Debug|Any CPU
		{F1B7539B-5E8D-4D08-953A-93D86184F996}.Release|Any CPU.ActiveCfg = Release|Any CPU
		{F1B7539B-5E8D-4D08-953A-93D86184F996}.Release|Any CPU.Build.0 = Release|Any CPU
		{53A48392-9107-465D-8329-91DEC536A557}.Debug|Any CPU.ActiveCfg = Debug|Any CPU
		{53A48392-9107-465D-8329-91DEC536A557}.Debug|Any CPU.Build.0 = Debug|Any CPU
		{53A48392-9107-465D-8329-91DEC536A557}.Release|Any CPU.ActiveCfg = Release|Any CPU
		{53A48392-9107-465D-8329-91DEC536A557}.Release|Any CPU.Build.0 = Release|Any CPU
		{5BA25D42-9A1F-492E-ABEF-9842900F7450}.Debug|Any CPU.ActiveCfg = Debug|Any CPU
		{5BA25D42-9A1F-492E-ABEF-9842900F7450}.Debug|Any CPU.Build.0 = Debug|Any CPU
		{5BA25D42-9A1F-492E-ABEF-9842900F7450}.Release|Any CPU.ActiveCfg = Release|Any CPU
		{5BA25D42-9A1F-492E-ABEF-9842900F7450}.Release|Any CPU.Build.0 = Release|Any CPU
		{8C48B31C-EA8C-4704-AFD7-B844A2D1F648}.Debug|Any CPU.ActiveCfg = Debug|Any CPU
		{8C48B31C-EA8C-4704-AFD7-B844A2D1F648}.Debug|Any CPU.Build.0 = Debug|Any CPU
		{8C48B31C-EA8C-4704-AFD7-B844A2D1F648}.Release|Any CPU.ActiveCfg = Release|Any CPU
		{8C48B31C-EA8C-4704-AFD7-B844A2D1F648}.Release|Any CPU.Build.0 = Release|Any CPU
		{860C7B4C-0A84-4DBA-A176-C7FBDE3953FB}.Debug|Any CPU.ActiveCfg = Debug|Any CPU
		{860C7B4C-0A84-4DBA-A176-C7FBDE3953FB}.Debug|Any CPU.Build.0 = Debug|Any CPU
		{860C7B4C-0A84-4DBA-A176-C7FBDE3953FB}.Release|Any CPU.ActiveCfg = Release|Any CPU
		{860C7B4C-0A84-4DBA-A176-C7FBDE3953FB}.Release|Any CPU.Build.0 = Release|Any CPU
		{4965109C-6ECD-4B1A-A9D4-9350A506F434}.Debug|Any CPU.ActiveCfg = Debug|Any CPU
		{4965109C-6ECD-4B1A-A9D4-9350A506F434}.Debug|Any CPU.Build.0 = Debug|Any CPU
		{4965109C-6ECD-4B1A-A9D4-9350A506F434}.Release|Any CPU.ActiveCfg = Release|Any CPU
		{4965109C-6ECD-4B1A-A9D4-9350A506F434}.Release|Any CPU.Build.0 = Release|Any CPU
		{0021D9AF-2A6E-44BB-BBC5-905B31B3934D}.Debug|Any CPU.ActiveCfg = Debug|Any CPU
		{0021D9AF-2A6E-44BB-BBC5-905B31B3934D}.Debug|Any CPU.Build.0 = Debug|Any CPU
		{0021D9AF-2A6E-44BB-BBC5-905B31B3934D}.Release|Any CPU.ActiveCfg = Release|Any CPU
		{0021D9AF-2A6E-44BB-BBC5-905B31B3934D}.Release|Any CPU.Build.0 = Release|Any CPU
		{4CA855ED-D3E7-41C5-8BBC-7F47E434A15D}.Debug|Any CPU.ActiveCfg = Debug|Any CPU
		{4CA855ED-D3E7-41C5-8BBC-7F47E434A15D}.Debug|Any CPU.Build.0 = Debug|Any CPU
		{4CA855ED-D3E7-41C5-8BBC-7F47E434A15D}.Release|Any CPU.ActiveCfg = Release|Any CPU
		{4CA855ED-D3E7-41C5-8BBC-7F47E434A15D}.Release|Any CPU.Build.0 = Release|Any CPU
		{65449372-4A8A-4873-B213-CF3749A0E14A}.Debug|Any CPU.ActiveCfg = Debug|Any CPU
		{65449372-4A8A-4873-B213-CF3749A0E14A}.Debug|Any CPU.Build.0 = Debug|Any CPU
		{65449372-4A8A-4873-B213-CF3749A0E14A}.Release|Any CPU.ActiveCfg = Release|Any CPU
		{65449372-4A8A-4873-B213-CF3749A0E14A}.Release|Any CPU.Build.0 = Release|Any CPU
		{45E22FF8-0887-4EB0-A02B-A7C973D408EA}.Debug|Any CPU.ActiveCfg = Debug|Any CPU
		{45E22FF8-0887-4EB0-A02B-A7C973D408EA}.Debug|Any CPU.Build.0 = Debug|Any CPU
		{45E22FF8-0887-4EB0-A02B-A7C973D408EA}.Release|Any CPU.ActiveCfg = Release|Any CPU
		{45E22FF8-0887-4EB0-A02B-A7C973D408EA}.Release|Any CPU.Build.0 = Release|Any CPU
		{1874FCBF-513D-4AC7-800F-85A87BB28C9D}.Debug|Any CPU.ActiveCfg = Debug|Any CPU
		{1874FCBF-513D-4AC7-800F-85A87BB28C9D}.Debug|Any CPU.Build.0 = Debug|Any CPU
		{1874FCBF-513D-4AC7-800F-85A87BB28C9D}.Release|Any CPU.ActiveCfg = Release|Any CPU
		{1874FCBF-513D-4AC7-800F-85A87BB28C9D}.Release|Any CPU.Build.0 = Release|Any CPU
		{3B51E80B-ED1F-4388-BD47-214C4D5806EC}.Debug|Any CPU.ActiveCfg = Debug|Any CPU
		{3B51E80B-ED1F-4388-BD47-214C4D5806EC}.Debug|Any CPU.Build.0 = Debug|Any CPU
		{3B51E80B-ED1F-4388-BD47-214C4D5806EC}.Release|Any CPU.ActiveCfg = Release|Any CPU
		{3B51E80B-ED1F-4388-BD47-214C4D5806EC}.Release|Any CPU.Build.0 = Release|Any CPU
		{C4FE3CFE-2786-4138-8657-43B6C52C7518}.Debug|Any CPU.ActiveCfg = Debug|Any CPU
		{C4FE3CFE-2786-4138-8657-43B6C52C7518}.Debug|Any CPU.Build.0 = Debug|Any CPU
		{C4FE3CFE-2786-4138-8657-43B6C52C7518}.Release|Any CPU.ActiveCfg = Release|Any CPU
		{C4FE3CFE-2786-4138-8657-43B6C52C7518}.Release|Any CPU.Build.0 = Release|Any CPU
		{57D261AF-46E8-4A99-941A-FE51FFC47DDF}.Debug|Any CPU.ActiveCfg = Debug|Any CPU
		{57D261AF-46E8-4A99-941A-FE51FFC47DDF}.Debug|Any CPU.Build.0 = Debug|Any CPU
		{57D261AF-46E8-4A99-941A-FE51FFC47DDF}.Release|Any CPU.ActiveCfg = Release|Any CPU
		{57D261AF-46E8-4A99-941A-FE51FFC47DDF}.Release|Any CPU.Build.0 = Release|Any CPU
		{F777780C-F2DF-4061-9561-028F057989EC}.Debug|Any CPU.ActiveCfg = Debug|Any CPU
		{F777780C-F2DF-4061-9561-028F057989EC}.Debug|Any CPU.Build.0 = Debug|Any CPU
		{F777780C-F2DF-4061-9561-028F057989EC}.Release|Any CPU.ActiveCfg = Release|Any CPU
		{F777780C-F2DF-4061-9561-028F057989EC}.Release|Any CPU.Build.0 = Release|Any CPU
		{7D1A867C-00A6-43A2-A0F9-8D202DA7F8B6}.Debug|Any CPU.ActiveCfg = Debug|Any CPU
		{7D1A867C-00A6-43A2-A0F9-8D202DA7F8B6}.Debug|Any CPU.Build.0 = Debug|Any CPU
		{7D1A867C-00A6-43A2-A0F9-8D202DA7F8B6}.Release|Any CPU.ActiveCfg = Release|Any CPU
		{7D1A867C-00A6-43A2-A0F9-8D202DA7F8B6}.Release|Any CPU.Build.0 = Release|Any CPU
		{52304648-A108-460B-A119-BD1E130E2719}.Debug|Any CPU.ActiveCfg = Debug|Any CPU
		{52304648-A108-460B-A119-BD1E130E2719}.Debug|Any CPU.Build.0 = Debug|Any CPU
		{52304648-A108-460B-A119-BD1E130E2719}.Release|Any CPU.ActiveCfg = Release|Any CPU
		{52304648-A108-460B-A119-BD1E130E2719}.Release|Any CPU.Build.0 = Release|Any CPU
	EndGlobalSection
	GlobalSection(SolutionProperties) = preSolution
		HideSolutionNode = FALSE
	EndGlobalSection
	GlobalSection(ExtensibilityGlobals) = postSolution
		SolutionGuid = {AFA9B46E-F06C-4ECE-8FA6-22A84A3F68FC}
	EndGlobalSection
EndGlobal
